Microsoft Visual Studio Solution File, Format Version 12.00
# Visual Studio Version 17
VisualStudioVersion = 17.0.31611.283
MinimumVisualStudioVersion = 10.0.40219.1
Project("{9A19103F-16F7-4668-BE54-9A1E7A4F7556}") = "CalcV3", "CalcV3.csproj", "{C6DA55A8-CA31-4E58-A9A6-679DE3B0323F}"
EndProject
Global
	GlobalSection(SolutionConfigurationPlatforms) = preSolution
		Debug|Any CPU = Debug|Any CPU
		Release|Any CPU = Release|Any CPU
	EndGlobalSection
	GlobalSection(ProjectConfigurationPlatforms) = postSolution
		{C6DA55A8-CA31-4E58-A9A6-679DE3B0323F}.Debug|Any CPU.ActiveCfg = Debug|Any CPU
		{C6DA55A8-CA31-4E58-A9A6-679DE3B0323F}.Debug|Any CPU.Build.0 = Debug|Any CPU
		{C6DA55A8-CA31-4E58-A9A6-679DE3B0323F}.Debug|Any CPU.Deploy.0 = Debug|Any CPU
		{C6DA55A8-CA31-4E58-A9A6-679DE3B0323F}.Release|Any CPU.ActiveCfg = Release|Any CPU
		{C6DA55A8-CA31-4E58-A9A6-679DE3B0323F}.Release|Any CPU.Build.0 = Release|Any CPU
		{C6DA55A8-CA31-4E58-A9A6-679DE3B0323F}.Release|Any CPU.Deploy.0 = Release|Any CPU
	EndGlobalSection
	GlobalSection(SolutionProperties) = preSolution
		HideSolutionNode = FALSE
	EndGlobalSection
	GlobalSection(ExtensibilityGlobals) = postSolution
		        SolutionGuid = {61F7FB11-1E47-470C-91E2-47F8143E1572}
		SolutionGuid = {A48ED10F-E524-4A63-8DE3-97BD11D2B480}
	EndGlobalSection
EndGlobal
